
Microsoft Visual Studio Solution File, Format Version 12.00
# Visual Studio 14
VisualStudioVersion = 14.0.24720.0
MinimumVisualStudioVersion = 10.0.40219.1
Project("{2150E333-8FDC-42A3-9474-1A3956D46DE8}") = "Library", "Library", "{815668EB-233C-49AE-915F-B05EF91107AA}"
EndProject
Project("{FAE04EC0-301F-11D3-BF4B-00C04F79EFBC}") = "GDental.Core", "GDental.Core\GDental.Core.csproj", "{4C67057D-978C-4B1F-86C5-6FE9857AC670}"
EndProject
Project("{2150E333-8FDC-42A3-9474-1A3956D46DE8}") = "Infraetructure", "Infraetructure", "{EFA71B82-5696-4D43-9C5E-0090A4B17553}"
EndProject
Project("{2150E333-8FDC-42A3-9474-1A3956D46DE8}") = "Presentation", "Presentation", "{50B56A54-B0FA-41F2-9D03-8E3B9C81BCA6}"
EndProject
Project("{FAE04EC0-301F-11D3-BF4B-00C04F79EFBC}") = "GDental.DataConfiguration", "GDental.DataConfiguration\GDental.DataConfiguration.csproj", "{1FA79449-25ED-4B76-80F4-7E00B2477E1D}"
EndProject
Project("{FAE04EC0-301F-11D3-BF4B-00C04F79EFBC}") = "GDental.Core.DataEf", "GDental.Core.Data\GDental.Core.DataEf.csproj", "{4C12B45F-8136-427E-BD7C-0C47619304CC}"
EndProject
Project("{FAE04EC0-301F-11D3-BF4B-00C04F79EFBC}") = "GDental.UI.Console", "GDental.UI.Console\GDental.UI.Console.csproj", "{62960A03-5253-47B6-BB87-B0311F1FA915}"
EndProject
Project("{FAE04EC0-301F-11D3-BF4B-00C04F79EFBC}") = "GDental.UI", "GDental.UI\GDental.UI.csproj", "{D057C4C4-FB3E-4A06-B57C-C9FD2C104C4A}"
EndProject
Global
	GlobalSection(SolutionConfigurationPlatforms) = preSolution
		Debug|Any CPU = Debug|Any CPU
		Debug|ARM = Debug|ARM
		Debug|x64 = Debug|x64
		Debug|x86 = Debug|x86
		Release|Any CPU = Release|Any CPU
		Release|ARM = Release|ARM
		Release|x64 = Release|x64
		Release|x86 = Release|x86
	EndGlobalSection
	GlobalSection(ProjectConfigurationPlatforms) = postSolution
		{4C67057D-978C-4B1F-86C5-6FE9857AC670}.Debug|Any CPU.ActiveCfg = Debug|Any CPU
		{4C67057D-978C-4B1F-86C5-6FE9857AC670}.Debug|Any CPU.Build.0 = Debug|Any CPU
		{4C67057D-978C-4B1F-86C5-6FE9857AC670}.Debug|ARM.ActiveCfg = Debug|Any CPU
		{4C67057D-978C-4B1F-86C5-6FE9857AC670}.Debug|ARM.Build.0 = Debug|Any CPU
		{4C67057D-978C-4B1F-86C5-6FE9857AC670}.Debug|x64.ActiveCfg = Debug|Any CPU
		{4C67057D-978C-4B1F-86C5-6FE9857AC670}.Debug|x64.Build.0 = Debug|Any CPU
		{4C67057D-978C-4B1F-86C5-6FE9857AC670}.Debug|x86.ActiveCfg = Debug|Any CPU
		{4C67057D-978C-4B1F-86C5-6FE9857AC670}.Debug|x86.Build.0 = Debug|Any CPU
		{4C67057D-978C-4B1F-86C5-6FE9857AC670}.Release|Any CPU.ActiveCfg = Release|Any CPU
		{4C67057D-978C-4B1F-86C5-6FE9857AC670}.Release|Any CPU.Build.0 = Release|Any CPU
		{4C67057D-978C-4B1F-86C5-6FE9857AC670}.Release|ARM.ActiveCfg = Release|Any CPU
		{4C67057D-978C-4B1F-86C5-6FE9857AC670}.Release|ARM.Build.0 = Release|Any CPU
		{4C67057D-978C-4B1F-86C5-6FE9857AC670}.Release|x64.ActiveCfg = Release|Any CPU
		{4C67057D-978C-4B1F-86C5-6FE9857AC670}.Release|x64.Build.0 = Release|Any CPU
		{4C67057D-978C-4B1F-86C5-6FE9857AC670}.Release|x86.ActiveCfg = Release|Any CPU
		{4C67057D-978C-4B1F-86C5-6FE9857AC670}.Release|x86.Build.0 = Release|Any CPU
		{1FA79449-25ED-4B76-80F4-7E00B2477E1D}.Debug|Any CPU.ActiveCfg = Debug|Any CPU
		{1FA79449-25ED-4B76-80F4-7E00B2477E1D}.Debug|Any CPU.Build.0 = Debug|Any CPU
		{1FA79449-25ED-4B76-80F4-7E00B2477E1D}.Debug|ARM.ActiveCfg = Debug|Any CPU
		{1FA79449-25ED-4B76-80F4-7E00B2477E1D}.Debug|ARM.Build.0 = Debug|Any CPU
		{1FA79449-25ED-4B76-80F4-7E00B2477E1D}.Debug|x64.ActiveCfg = Debug|Any CPU
		{1FA79449-25ED-4B76-80F4-7E00B2477E1D}.Debug|x64.Build.0 = Debug|Any CPU
		{1FA79449-25ED-4B76-80F4-7E00B2477E1D}.Debug|x86.ActiveCfg = Debug|Any CPU
		{1FA79449-25ED-4B76-80F4-7E00B2477E1D}.Debug|x86.Build.0 = Debug|Any CPU
		{1FA79449-25ED-4B76-80F4-7E00B2477E1D}.Release|Any CPU.ActiveCfg = Release|Any CPU
		{1FA79449-25ED-4B76-80F4-7E00B2477E1D}.Release|Any CPU.Build.0 = Release|Any CPU
		{1FA79449-25ED-4B76-80F4-7E00B2477E1D}.Release|ARM.ActiveCfg = Release|Any CPU
		{1FA79449-25ED-4B76-80F4-7E00B2477E1D}.Release|ARM.Build.0 = Release|Any CPU
		{1FA79449-25ED-4B76-80F4-7E00B2477E1D}.Release|x64.ActiveCfg = Release|Any CPU
		{1FA79449-25ED-4B76-80F4-7E00B2477E1D}.Release|x64.Build.0 = Release|Any CPU
		{1FA79449-25ED-4B76-80F4-7E00B2477E1D}.Release|x86.ActiveCfg = Release|Any CPU
		{1FA79449-25ED-4B76-80F4-7E00B2477E1D}.Release|x86.Build.0 = Release|Any CPU
		{4C12B45F-8136-427E-BD7C-0C47619304CC}.Debug|Any CPU.ActiveCfg = Debug|Any CPU
		{4C12B45F-8136-427E-BD7C-0C47619304CC}.Debug|Any CPU.Build.0 = Debug|Any CPU
		{4C12B45F-8136-427E-BD7C-0C47619304CC}.Debug|ARM.ActiveCfg = Debug|Any CPU
		{4C12B45F-8136-427E-BD7C-0C47619304CC}.Debug|ARM.Build.0 = Debug|Any CPU
		{4C12B45F-8136-427E-BD7C-0C47619304CC}.Debug|x64.ActiveCfg = Debug|Any CPU
		{4C12B45F-8136-427E-BD7C-0C47619304CC}.Debug|x64.Build.0 = Debug|Any CPU
		{4C12B45F-8136-427E-BD7C-0C47619304CC}.Debug|x86.ActiveCfg = Debug|Any CPU
		{4C12B45F-8136-427E-BD7C-0C47619304CC}.Debug|x86.Build.0 = Debug|Any CPU
		{4C12B45F-8136-427E-BD7C-0C47619304CC}.Release|Any CPU.ActiveCfg = Release|Any CPU
		{4C12B45F-8136-427E-BD7C-0C47619304CC}.Release|Any CPU.Build.0 = Release|Any CPU
		{4C12B45F-8136-427E-BD7C-0C47619304CC}.Release|ARM.ActiveCfg = Release|Any CPU
		{4C12B45F-8136-427E-BD7C-0C47619304CC}.Release|ARM.Build.0 = Release|Any CPU
		{4C12B45F-8136-427E-BD7C-0C47619304CC}.Release|x64.ActiveCfg = Release|Any CPU
		{4C12B45F-8136-427E-BD7C-0C47619304CC}.Release|x64.Build.0 = Release|Any CPU
		{4C12B45F-8136-427E-BD7C-0C47619304CC}.Release|x86.ActiveCfg = Release|Any CPU
		{4C12B45F-8136-427E-BD7C-0C47619304CC}.Release|x86.Build.0 = Release|Any CPU
		{62960A03-5253-47B6-BB87-B0311F1FA915}.Debug|Any CPU.ActiveCfg = Debug|Any CPU
		{62960A03-5253-47B6-BB87-B0311F1FA915}.Debug|Any CPU.Build.0 = Debug|Any CPU
		{62960A03-5253-47B6-BB87-B0311F1FA915}.Debug|ARM.ActiveCfg = Debug|Any CPU
		{62960A03-5253-47B6-BB87-B0311F1FA915}.Debug|ARM.Build.0 = Debug|Any CPU
		{62960A03-5253-47B6-BB87-B0311F1FA915}.Debug|x64.ActiveCfg = Debug|Any CPU
		{62960A03-5253-47B6-BB87-B0311F1FA915}.Debug|x64.Build.0 = Debug|Any CPU
		{62960A03-5253-47B6-BB87-B0311F1FA915}.Debug|x86.ActiveCfg = Debug|Any CPU
		{62960A03-5253-47B6-BB87-B0311F1FA915}.Debug|x86.Build.0 = Debug|Any CPU
		{62960A03-5253-47B6-BB87-B0311F1FA915}.Release|Any CPU.ActiveCfg = Release|Any CPU
		{62960A03-5253-47B6-BB87-B0311F1FA915}.Release|Any CPU.Build.0 = Release|Any CPU
		{62960A03-5253-47B6-BB87-B0311F1FA915}.Release|ARM.ActiveCfg = Release|Any CPU
		{62960A03-5253-47B6-BB87-B0311F1FA915}.Release|ARM.Build.0 = Release|Any CPU
		{62960A03-5253-47B6-BB87-B0311F1FA915}.Release|x64.ActiveCfg = Release|Any CPU
		{62960A03-5253-47B6-BB87-B0311F1FA915}.Release|x64.Build.0 = Release|Any CPU
		{62960A03-5253-47B6-BB87-B0311F1FA915}.Release|x86.ActiveCfg = Release|Any CPU
		{62960A03-5253-47B6-BB87-B0311F1FA915}.Release|x86.Build.0 = Release|Any CPU
		{D057C4C4-FB3E-4A06-B57C-C9FD2C104C4A}.Debug|Any CPU.ActiveCfg = Debug|Any CPU
		{D057C4C4-FB3E-4A06-B57C-C9FD2C104C4A}.Debug|Any CPU.Build.0 = Debug|Any CPU
		{D057C4C4-FB3E-4A06-B57C-C9FD2C104C4A}.Debug|ARM.ActiveCfg = Debug|Any CPU
		{D057C4C4-FB3E-4A06-B57C-C9FD2C104C4A}.Debug|ARM.Build.0 = Debug|Any CPU
		{D057C4C4-FB3E-4A06-B57C-C9FD2C104C4A}.Debug|x64.ActiveCfg = Debug|Any CPU
		{D057C4C4-FB3E-4A06-B57C-C9FD2C104C4A}.Debug|x64.Build.0 = Debug|Any CPU
		{D057C4C4-FB3E-4A06-B57C-C9FD2C104C4A}.Debug|x86.ActiveCfg = Debug|Any CPU
		{D057C4C4-FB3E-4A06-B57C-C9FD2C104C4A}.Debug|x86.Build.0 = Debug|Any CPU
		{D057C4C4-FB3E-4A06-B57C-C9FD2C104C4A}.Release|Any CPU.ActiveCfg = Release|Any CPU
		{D057C4C4-FB3E-4A06-B57C-C9FD2C104C4A}.Release|Any CPU.Build.0 = Release|Any CPU
		{D057C4C4-FB3E-4A06-B57C-C9FD2C104C4A}.Release|ARM.ActiveCfg = Release|Any CPU
		{D057C4C4-FB3E-4A06-B57C-C9FD2C104C4A}.Release|ARM.Build.0 = Release|Any CPU
		{D057C4C4-FB3E-4A06-B57C-C9FD2C104C4A}.Release|x64.ActiveCfg = Release|Any CPU
		{D057C4C4-FB3E-4A06-B57C-C9FD2C104C4A}.Release|x64.Build.0 = Release|Any CPU
		{D057C4C4-FB3E-4A06-B57C-C9FD2C104C4A}.Release|x86.ActiveCfg = Release|Any CPU
		{D057C4C4-FB3E-4A06-B57C-C9FD2C104C4A}.Release|x86.Build.0 = Release|Any CPU
	EndGlobalSection
	GlobalSection(SolutionProperties) = preSolution
		HideSolutionNode = FALSE
	EndGlobalSection
	GlobalSection(NestedProjects) = preSolution
		{4C67057D-978C-4B1F-86C5-6FE9857AC670} = {815668EB-233C-49AE-915F-B05EF91107AA}
		{1FA79449-25ED-4B76-80F4-7E00B2477E1D} = {EFA71B82-5696-4D43-9C5E-0090A4B17553}
		{4C12B45F-8136-427E-BD7C-0C47619304CC} = {815668EB-233C-49AE-915F-B05EF91107AA}
		{62960A03-5253-47B6-BB87-B0311F1FA915} = {50B56A54-B0FA-41F2-9D03-8E3B9C81BCA6}
		{D057C4C4-FB3E-4A06-B57C-C9FD2C104C4A} = {50B56A54-B0FA-41F2-9D03-8E3B9C81BCA6}
	EndGlobalSection
EndGlobal
